
Microsoft Visual Studio Solution File, Format Version 12.00
# Visual Studio Version 17
VisualStudioVersion = 17.13.35828.75 d17.13
MinimumVisualStudioVersion = 10.0.40219.1
Project("{FAE04EC0-301F-11D3-BF4B-00C04F79EFBC}") = "NotesWebApp", "NotesWebApp.csproj", "{8F96B0BD-CAB3-492D-B9D9-1B8D2022D9A6}"
EndProject
Global
	GlobalSection(SolutionConfigurationPlatforms) = preSolution
		Debug|Any CPU = Debug|Any CPU
		Release|Any CPU = Release|Any CPU
	EndGlobalSection
	GlobalSection(ProjectConfigurationPlatforms) = postSolution
		{8F96B0BD-CAB3-492D-B9D9-1B8D2022D9A6}.Debug|Any CPU.ActiveCfg = Debug|Any CPU
		{8F96B0BD-CAB3-492D-B9D9-1B8D2022D9A6}.Debug|Any CPU.Build.0 = Debug|Any CPU
		{8F96B0BD-CAB3-492D-B9D9-1B8D2022D9A6}.Release|Any CPU.ActiveCfg = Release|Any CPU
		{8F96B0BD-CAB3-492D-B9D9-1B8D2022D9A6}.Release|Any CPU.Build.0 = Release|Any CPU
	EndGlobalSection
	GlobalSection(SolutionProperties) = preSolution
		HideSolutionNode = FALSE
	EndGlobalSection
	GlobalSection(ExtensibilityGlobals) = postSolution
		SolutionGuid = {C62DEC5C-777F-4E43-B3F7-72EAEC602845}
	EndGlobalSection
EndGlobal
