
Microsoft Visual Studio Solution File, Format Version 12.00
# Visual Studio Version 17
VisualStudioVersion = 17.13.35828.75 d17.13
MinimumVisualStudioVersion = 10.0.40219.1
Project("{FAE04EC0-301F-11D3-BF4B-00C04F79EFBC}") = "BasicWebApp", "BasicWebApp.csproj", "{62F45B80-D81A-4537-BB93-5B7B6E088582}"
EndProject
Global
	GlobalSection(SolutionConfigurationPlatforms) = preSolution
		Debug|Any CPU = Debug|Any CPU
		Release|Any CPU = Release|Any CPU
	EndGlobalSection
	GlobalSection(ProjectConfigurationPlatforms) = postSolution
		{62F45B80-D81A-4537-BB93-5B7B6E088582}.Debug|Any CPU.ActiveCfg = Debug|Any CPU
		{62F45B80-D81A-4537-BB93-5B7B6E088582}.Debug|Any CPU.Build.0 = Debug|Any CPU
		{62F45B80-D81A-4537-BB93-5B7B6E088582}.Release|Any CPU.ActiveCfg = Release|Any CPU
		{62F45B80-D81A-4537-BB93-5B7B6E088582}.Release|Any CPU.Build.0 = Release|Any CPU
	EndGlobalSection
	GlobalSection(SolutionProperties) = preSolution
		HideSolutionNode = FALSE
	EndGlobalSection
	GlobalSection(ExtensibilityGlobals) = postSolution
		SolutionGuid = {8FBAB271-C09B-475A-9596-D15AC36FF019}
	EndGlobalSection
EndGlobal
