
Microsoft Visual Studio Solution File, Format Version 12.00
# Visual Studio Version 17
VisualStudioVersion = 17.13.35828.75
MinimumVisualStudioVersion = 10.0.40219.1
Project("{FAE04EC0-301F-11D3-BF4B-00C04F79EFBC}") = "RecipeDatabaseContext", "RecipeDatabaseContext\RecipeDatabaseContext.csproj", "{4A12D579-415F-417F-91AC-39D0C3053D5E}"
EndProject
Project("{FAE04EC0-301F-11D3-BF4B-00C04F79EFBC}") = "RecipeMinimalAPI", "RecipeMinimalAPI\RecipeMinimalAPI.csproj", "{59F34E99-0F45-4DC5-9750-5648F9866EB9}"
EndProject
Project("{FAE04EC0-301F-11D3-BF4B-00C04F79EFBC}") = "ConsoleAppToDataBaseContext", "ConsoleAppToDataBaseContext\ConsoleAppToDataBaseContext.csproj", "{F381337F-3C45-494E-B0E3-AE8FC4BA9589}"
EndProject
Global
	GlobalSection(SolutionConfigurationPlatforms) = preSolution
		Debug|Any CPU = Debug|Any CPU
		Release|Any CPU = Release|Any CPU
	EndGlobalSection
	GlobalSection(ProjectConfigurationPlatforms) = postSolution
		{4A12D579-415F-417F-91AC-39D0C3053D5E}.Debug|Any CPU.ActiveCfg = Debug|Any CPU
		{4A12D579-415F-417F-91AC-39D0C3053D5E}.Debug|Any CPU.Build.0 = Debug|Any CPU
		{4A12D579-415F-417F-91AC-39D0C3053D5E}.Release|Any CPU.ActiveCfg = Release|Any CPU
		{4A12D579-415F-417F-91AC-39D0C3053D5E}.Release|Any CPU.Build.0 = Release|Any CPU
		{59F34E99-0F45-4DC5-9750-5648F9866EB9}.Debug|Any CPU.ActiveCfg = Debug|Any CPU
		{59F34E99-0F45-4DC5-9750-5648F9866EB9}.Debug|Any CPU.Build.0 = Debug|Any CPU
		{59F34E99-0F45-4DC5-9750-5648F9866EB9}.Release|Any CPU.ActiveCfg = Release|Any CPU
		{59F34E99-0F45-4DC5-9750-5648F9866EB9}.Release|Any CPU.Build.0 = Release|Any CPU
		{F381337F-3C45-494E-B0E3-AE8FC4BA9589}.Debug|Any CPU.ActiveCfg = Debug|Any CPU
		{F381337F-3C45-494E-B0E3-AE8FC4BA9589}.Debug|Any CPU.Build.0 = Debug|Any CPU
		{F381337F-3C45-494E-B0E3-AE8FC4BA9589}.Release|Any CPU.ActiveCfg = Release|Any CPU
		{F381337F-3C45-494E-B0E3-AE8FC4BA9589}.Release|Any CPU.Build.0 = Release|Any CPU
	EndGlobalSection
	GlobalSection(SolutionProperties) = preSolution
		HideSolutionNode = FALSE
	EndGlobalSection
	GlobalSection(ExtensibilityGlobals) = postSolution
		SolutionGuid = {E197D98C-E342-441C-92C5-CAB0BE393A49}
	EndGlobalSection
EndGlobal
