
Microsoft Visual Studio Solution File, Format Version 12.00
# Visual Studio Version 17
VisualStudioVersion = 17.13.35828.75
MinimumVisualStudioVersion = 10.0.40219.1
Project("{FAE04EC0-301F-11D3-BF4B-00C04F79EFBC}") = "SchoolAPI", "SchoolAPI\SchoolAPI.csproj", "{465C36BB-F046-48EF-9631-E5D9F995B58A}"
EndProject
Project("{FAE04EC0-301F-11D3-BF4B-00C04F79EFBC}") = "DatabaseContext", "DatabaseContext\DatabaseContext.csproj", "{9044DD8F-B318-495B-A84C-B555C2BAB7E8}"
EndProject
Global
	GlobalSection(SolutionConfigurationPlatforms) = preSolution
		Debug|Any CPU = Debug|Any CPU
		Release|Any CPU = Release|Any CPU
	EndGlobalSection
	GlobalSection(ProjectConfigurationPlatforms) = postSolution
		{465C36BB-F046-48EF-9631-E5D9F995B58A}.Debug|Any CPU.ActiveCfg = Debug|Any CPU
		{465C36BB-F046-48EF-9631-E5D9F995B58A}.Debug|Any CPU.Build.0 = Debug|Any CPU
		{465C36BB-F046-48EF-9631-E5D9F995B58A}.Release|Any CPU.ActiveCfg = Release|Any CPU
		{465C36BB-F046-48EF-9631-E5D9F995B58A}.Release|Any CPU.Build.0 = Release|Any CPU
		{9044DD8F-B318-495B-A84C-B555C2BAB7E8}.Debug|Any CPU.ActiveCfg = Debug|Any CPU
		{9044DD8F-B318-495B-A84C-B555C2BAB7E8}.Debug|Any CPU.Build.0 = Debug|Any CPU
		{9044DD8F-B318-495B-A84C-B555C2BAB7E8}.Release|Any CPU.ActiveCfg = Release|Any CPU
		{9044DD8F-B318-495B-A84C-B555C2BAB7E8}.Release|Any CPU.Build.0 = Release|Any CPU
	EndGlobalSection
	GlobalSection(SolutionProperties) = preSolution
		HideSolutionNode = FALSE
	EndGlobalSection
	GlobalSection(ExtensibilityGlobals) = postSolution
		SolutionGuid = {E677CFCE-0817-43E2-A34D-5B686B576996}
	EndGlobalSection
EndGlobal
