
Microsoft Visual Studio Solution File, Format Version 12.00
# Visual Studio Version 17
VisualStudioVersion = 17.13.35828.75
MinimumVisualStudioVersion = 10.0.40219.1
Project("{FAE04EC0-301F-11D3-BF4B-00C04F79EFBC}") = "BasicFruitsAPI", "BasicFruitsAPI.csproj", "{C354CC96-C68C-4A95-A814-4203F776B45C}"
EndProject
Global
	GlobalSection(SolutionConfigurationPlatforms) = preSolution
		Debug|Any CPU = Debug|Any CPU
		Release|Any CPU = Release|Any CPU
	EndGlobalSection
	GlobalSection(ProjectConfigurationPlatforms) = postSolution
		{C354CC96-C68C-4A95-A814-4203F776B45C}.Debug|Any CPU.ActiveCfg = Debug|Any CPU
		{C354CC96-C68C-4A95-A814-4203F776B45C}.Debug|Any CPU.Build.0 = Debug|Any CPU
		{C354CC96-C68C-4A95-A814-4203F776B45C}.Release|Any CPU.ActiveCfg = Release|Any CPU
		{C354CC96-C68C-4A95-A814-4203F776B45C}.Release|Any CPU.Build.0 = Release|Any CPU
	EndGlobalSection
	GlobalSection(SolutionProperties) = preSolution
		HideSolutionNode = FALSE
	EndGlobalSection
	GlobalSection(ExtensibilityGlobals) = postSolution
		SolutionGuid = {36A225FE-64FD-4774-90BA-80EABC594706}
	EndGlobalSection
EndGlobal
