
Microsoft Visual Studio Solution File, Format Version 12.00
# Visual Studio Version 17
VisualStudioVersion = 17.13.35828.75 d17.13
MinimumVisualStudioVersion = 10.0.40219.1
Project("{FAE04EC0-301F-11D3-BF4B-00C04F79EFBC}") = "AddingIdentityToExistingApp", "AddingIdentityToExistingApp.csproj", "{FF121A53-6678-4110-8B2C-1429133805EA}"
EndProject
Global
	GlobalSection(SolutionConfigurationPlatforms) = preSolution
		Debug|Any CPU = Debug|Any CPU
		Release|Any CPU = Release|Any CPU
	EndGlobalSection
	GlobalSection(ProjectConfigurationPlatforms) = postSolution
		{FF121A53-6678-4110-8B2C-1429133805EA}.Debug|Any CPU.ActiveCfg = Debug|Any CPU
		{FF121A53-6678-4110-8B2C-1429133805EA}.Debug|Any CPU.Build.0 = Debug|Any CPU
		{FF121A53-6678-4110-8B2C-1429133805EA}.Release|Any CPU.ActiveCfg = Release|Any CPU
		{FF121A53-6678-4110-8B2C-1429133805EA}.Release|Any CPU.Build.0 = Release|Any CPU
	EndGlobalSection
	GlobalSection(SolutionProperties) = preSolution
		HideSolutionNode = FALSE
	EndGlobalSection
	GlobalSection(ExtensibilityGlobals) = postSolution
		SolutionGuid = {29F62C0C-E135-46D1-A3A3-F5801C9AE564}
	EndGlobalSection
EndGlobal
